
Microsoft Visual Studio Solution File, Format Version 12.00
# Visual Studio Version 17
VisualStudioVersion = 17.14.36603.0 d17.14
MinimumVisualStudioVersion = 10.0.40219.1
Project("{FAE04EC0-301F-11D3-BF4B-00C04F79EFBC}") = "WebApplication", "WebApplication\WebApplication.csproj", "{BAE13EB0-680C-4319-90F4-1D1AF27DFA29}"
EndProject
Global
	GlobalSection(SolutionConfigurationPlatforms) = preSolution
		Debug|Any CPU = Debug|Any CPU
		Release|Any CPU = Release|Any CPU
	EndGlobalSection
	GlobalSection(ProjectConfigurationPlatforms) = postSolution
		{BAE13EB0-680C-4319-90F4-1D1AF27DFA29}.Debug|Any CPU.ActiveCfg = Debug|Any CPU
		{BAE13EB0-680C-4319-90F4-1D1AF27DFA29}.Debug|Any CPU.Build.0 = Debug|Any CPU
		{BAE13EB0-680C-4319-90F4-1D1AF27DFA29}.Release|Any CPU.ActiveCfg = Release|Any CPU
		{BAE13EB0-680C-4319-90F4-1D1AF27DFA29}.Release|Any CPU.Build.0 = Release|Any CPU
	EndGlobalSection
	GlobalSection(SolutionProperties) = preSolution
		HideSolutionNode = FALSE
	EndGlobalSection
	GlobalSection(ExtensibilityGlobals) = postSolution
		SolutionGuid = {295DB9DD-E97F-4332-B162-E80A966C2E21}
	EndGlobalSection
EndGlobal
